
Microsoft Visual Studio Solution File, Format Version 12.00
# Visual Studio 15
VisualStudioVersion = 15.0.27703.2026
MinimumVisualStudioVersion = 10.0.40219.1
Project("{9A19103F-16F7-4668-BE54-9A1E7A4F7556}") = "Microwave.Domain", "Microwave.Domain\Microwave.Domain.csproj", "{9A1885D9-77BB-45D4-99E5-A9FC15F9B6A5}"
EndProject
Project("{9A19103F-16F7-4668-BE54-9A1E7A4F7556}") = "Microwave.EventStores", "Microwave.EventStores\Microwave.EventStores.csproj", "{05981F37-6A08-4CC9-8020-B0B00BF5E622}"
EndProject
Project("{9A19103F-16F7-4668-BE54-9A1E7A4F7556}") = "Microwave.Eventstores.UnitTests", "Microwave.Eventstores.UnitTests\Microwave.Eventstores.UnitTests.csproj", "{C73734E8-928B-4C41-9054-F294D02219F1}"
EndProject
Project("{9A19103F-16F7-4668-BE54-9A1E7A4F7556}") = "Microwave.Queries", "Microwave.Queries\Microwave.Queries.csproj", "{8D96537D-5061-45AC-A587-C69F7E4DB3D1}"
EndProject
Project("{9A19103F-16F7-4668-BE54-9A1E7A4F7556}") = "Microwave.Queries.UnitTests", "Microwave.Queries.UnitTests\Microwave.Queries.UnitTests.csproj", "{B3AA5BEA-6586-4A39-9541-1812F456FB0B}"
EndProject
Project("{9A19103F-16F7-4668-BE54-9A1E7A4F7556}") = "Microwave.WebApi", "Microwave.WebApi\Microwave.WebApi.csproj", "{4110C154-DF57-445A-93EE-10D5FB4CD16C}"
EndProject
Project("{9A19103F-16F7-4668-BE54-9A1E7A4F7556}") = "Microwave", "Microwave\Microwave.csproj", "{FA64444E-B6E5-49F4-8915-45D50B1F83DA}"
EndProject
Project("{9A19103F-16F7-4668-BE54-9A1E7A4F7556}") = "Microwave.UnitTests", "Microwave.UnitTests\Microwave.UnitTests.csproj", "{6DE4BD27-1E59-43F3-AF52-5925CEA1E9CA}"
EndProject
Project("{FAE04EC0-301F-11D3-BF4B-00C04F79EFBC}") = "Microwave.Domain.UnitTests", "Microwave.Domain.UnitTests\Microwave.Domain.UnitTests.csproj", "{306D2634-E1A9-4C72-AEA5-AEB9FA26110F}"
EndProject
Project("{FAE04EC0-301F-11D3-BF4B-00C04F79EFBC}") = "Microwave.WebApi.UnitTests", "Microwave.WebApi.UnitTests\Microwave.WebApi.UnitTests.csproj", "{3622487E-A894-49FD-A8EF-5D11DAA01B62}"
EndProject
Project("{FAE04EC0-301F-11D3-BF4B-00C04F79EFBC}") = "Microwave.Eventstores.UnitTests.DomainEvents", "Microwave.Eventstores.UnitTests.DomainEvents\Microwave.Eventstores.UnitTests.DomainEvents.csproj", "{AA1064F6-6A41-405B-9AEB-BDFD5670506C}"
EndProject
Project("{FAE04EC0-301F-11D3-BF4B-00C04F79EFBC}") = "Microwave.UnitTests.PublishedEventsDll", "Microwave.UnitTests.PublishedEventsDll\Microwave.UnitTests.PublishedEventsDll.csproj", "{5A17AEC8-F492-48F4-8C6F-4063489DA58F}"
EndProject
Project("{FAE04EC0-301F-11D3-BF4B-00C04F79EFBC}") = "Microwave.Eventstores.Persistence.MongoDb", "Microwave.Eventstores.Persistence.MongoDb\Microwave.Eventstores.Persistence.MongoDb.csproj", "{6394F395-66C1-483D-B4BC-8B19007F7785}"
EndProject
Project("{FAE04EC0-301F-11D3-BF4B-00C04F79EFBC}") = "Microwave.Persistence.MongoDb.UnitTests", "Microwave.Persistence.MongoDb.UnitTests\Microwave.Persistence.MongoDb.UnitTests.csproj", "{52EC4F8C-6145-4E15-8FE3-388431BEF5FA}"
EndProject
Project("{FAE04EC0-301F-11D3-BF4B-00C04F79EFBC}") = "Microwave.Discovery", "Microwave.Discovery\Microwave.Discovery.csproj", "{80A57BBD-8D51-4638-9D74-E63785754CC7}"
EndProject
Project("{FAE04EC0-301F-11D3-BF4B-00C04F79EFBC}") = "Microwave.Discovery.UnitTests", "Microwave.Discovery.UnitTests\Microwave.Discovery.UnitTests.csproj", "{D45D3575-38B3-408E-8693-A1E67D6406EA}"
EndProject
Project("{2150E333-8FDC-42A3-9474-1A3956D46DE8}") = "TestServices", "TestServices", "{4DA39CBA-8A2D-4C97-9B79-B118325D7D04}"
EndProject
Project("{FAE04EC0-301F-11D3-BF4B-00C04F79EFBC}") = "Microwave.UI", "Microwave.UI\Microwave.UI.csproj", "{573E39CB-D13B-41E9-9754-136344202C98}"
EndProject
Project("{FAE04EC0-301F-11D3-BF4B-00C04F79EFBC}") = "Microwave.UI.UnitTests", "Microwave.UI.UnitTests\Microwave.UI.UnitTests.csproj", "{10F2D68D-5EE4-4DC4-81AB-DAA30A6BF951}"
EndProject
Project("{FAE04EC0-301F-11D3-BF4B-00C04F79EFBC}") = "ReadService1", "TestServices\ReadService1\ReadService1.csproj", "{37CCE04E-C754-4F01-BF99-A4FE97F624DE}"
EndProject
Project("{FAE04EC0-301F-11D3-BF4B-00C04F79EFBC}") = "ServerConfig", "TestServices\ServerConfig\ServerConfig.csproj", "{981D4D16-88E3-4E85-9038-41FAF813A0F6}"
EndProject
Project("{FAE04EC0-301F-11D3-BF4B-00C04F79EFBC}") = "WriteService1", "TestServices\WriteService1\WriteService1.csproj", "{ED77B8CD-D464-4F7A-955C-9B89CAA4A167}"
EndProject
Project("{FAE04EC0-301F-11D3-BF4B-00C04F79EFBC}") = "WriteService2", "TestServices\WriteService2\WriteService2.csproj", "{F95DC020-1656-433D-811B-6146E07C449B}"
EndProject
Project("{FAE04EC0-301F-11D3-BF4B-00C04F79EFBC}") = "Microwave.Queries.Persistence.MongoDb", "Microwave.Queries.Persistence.MongoDb\Microwave.Queries.Persistence.MongoDb.csproj", "{E245AB65-88DD-4CAC-BDCE-E923CB87067B}"
EndProject
Project("{FAE04EC0-301F-11D3-BF4B-00C04F79EFBC}") = "Microwave.Configuration.MongoDb", "Microwave.Configuration.MongoDb\Microwave.Configuration.MongoDb.csproj", "{6F7E86A7-2124-4995-A748-0BD78D98576F}"
EndProject
Global
	GlobalSection(SolutionConfigurationPlatforms) = preSolution
		Debug|Any CPU = Debug|Any CPU
		Release|Any CPU = Release|Any CPU
	EndGlobalSection
	GlobalSection(ProjectConfigurationPlatforms) = postSolution
		{9A1885D9-77BB-45D4-99E5-A9FC15F9B6A5}.Debug|Any CPU.ActiveCfg = Debug|Any CPU
		{9A1885D9-77BB-45D4-99E5-A9FC15F9B6A5}.Debug|Any CPU.Build.0 = Debug|Any CPU
		{9A1885D9-77BB-45D4-99E5-A9FC15F9B6A5}.Release|Any CPU.ActiveCfg = Release|Any CPU
		{9A1885D9-77BB-45D4-99E5-A9FC15F9B6A5}.Release|Any CPU.Build.0 = Release|Any CPU
		{05981F37-6A08-4CC9-8020-B0B00BF5E622}.Debug|Any CPU.ActiveCfg = Debug|Any CPU
		{05981F37-6A08-4CC9-8020-B0B00BF5E622}.Debug|Any CPU.Build.0 = Debug|Any CPU
		{05981F37-6A08-4CC9-8020-B0B00BF5E622}.Release|Any CPU.ActiveCfg = Release|Any CPU
		{05981F37-6A08-4CC9-8020-B0B00BF5E622}.Release|Any CPU.Build.0 = Release|Any CPU
		{C73734E8-928B-4C41-9054-F294D02219F1}.Debug|Any CPU.ActiveCfg = Debug|Any CPU
		{C73734E8-928B-4C41-9054-F294D02219F1}.Debug|Any CPU.Build.0 = Debug|Any CPU
		{C73734E8-928B-4C41-9054-F294D02219F1}.Release|Any CPU.ActiveCfg = Release|Any CPU
		{C73734E8-928B-4C41-9054-F294D02219F1}.Release|Any CPU.Build.0 = Release|Any CPU
		{8D96537D-5061-45AC-A587-C69F7E4DB3D1}.Debug|Any CPU.ActiveCfg = Debug|Any CPU
		{8D96537D-5061-45AC-A587-C69F7E4DB3D1}.Debug|Any CPU.Build.0 = Debug|Any CPU
		{8D96537D-5061-45AC-A587-C69F7E4DB3D1}.Release|Any CPU.ActiveCfg = Release|Any CPU
		{8D96537D-5061-45AC-A587-C69F7E4DB3D1}.Release|Any CPU.Build.0 = Release|Any CPU
		{B3AA5BEA-6586-4A39-9541-1812F456FB0B}.Debug|Any CPU.ActiveCfg = Debug|Any CPU
		{B3AA5BEA-6586-4A39-9541-1812F456FB0B}.Debug|Any CPU.Build.0 = Debug|Any CPU
		{B3AA5BEA-6586-4A39-9541-1812F456FB0B}.Release|Any CPU.ActiveCfg = Release|Any CPU
		{B3AA5BEA-6586-4A39-9541-1812F456FB0B}.Release|Any CPU.Build.0 = Release|Any CPU
		{4110C154-DF57-445A-93EE-10D5FB4CD16C}.Debug|Any CPU.ActiveCfg = Debug|Any CPU
		{4110C154-DF57-445A-93EE-10D5FB4CD16C}.Debug|Any CPU.Build.0 = Debug|Any CPU
		{4110C154-DF57-445A-93EE-10D5FB4CD16C}.Release|Any CPU.ActiveCfg = Release|Any CPU
		{4110C154-DF57-445A-93EE-10D5FB4CD16C}.Release|Any CPU.Build.0 = Release|Any CPU
		{FA64444E-B6E5-49F4-8915-45D50B1F83DA}.Debug|Any CPU.ActiveCfg = Debug|Any CPU
		{FA64444E-B6E5-49F4-8915-45D50B1F83DA}.Debug|Any CPU.Build.0 = Debug|Any CPU
		{FA64444E-B6E5-49F4-8915-45D50B1F83DA}.Release|Any CPU.ActiveCfg = Release|Any CPU
		{FA64444E-B6E5-49F4-8915-45D50B1F83DA}.Release|Any CPU.Build.0 = Release|Any CPU
		{6DE4BD27-1E59-43F3-AF52-5925CEA1E9CA}.Debug|Any CPU.ActiveCfg = Debug|Any CPU
		{6DE4BD27-1E59-43F3-AF52-5925CEA1E9CA}.Debug|Any CPU.Build.0 = Debug|Any CPU
		{6DE4BD27-1E59-43F3-AF52-5925CEA1E9CA}.Release|Any CPU.ActiveCfg = Release|Any CPU
		{6DE4BD27-1E59-43F3-AF52-5925CEA1E9CA}.Release|Any CPU.Build.0 = Release|Any CPU
		{306D2634-E1A9-4C72-AEA5-AEB9FA26110F}.Debug|Any CPU.ActiveCfg = Debug|Any CPU
		{306D2634-E1A9-4C72-AEA5-AEB9FA26110F}.Debug|Any CPU.Build.0 = Debug|Any CPU
		{306D2634-E1A9-4C72-AEA5-AEB9FA26110F}.Release|Any CPU.ActiveCfg = Release|Any CPU
		{306D2634-E1A9-4C72-AEA5-AEB9FA26110F}.Release|Any CPU.Build.0 = Release|Any CPU
		{3622487E-A894-49FD-A8EF-5D11DAA01B62}.Debug|Any CPU.ActiveCfg = Debug|Any CPU
		{3622487E-A894-49FD-A8EF-5D11DAA01B62}.Debug|Any CPU.Build.0 = Debug|Any CPU
		{3622487E-A894-49FD-A8EF-5D11DAA01B62}.Release|Any CPU.ActiveCfg = Release|Any CPU
		{3622487E-A894-49FD-A8EF-5D11DAA01B62}.Release|Any CPU.Build.0 = Release|Any CPU
		{AA1064F6-6A41-405B-9AEB-BDFD5670506C}.Debug|Any CPU.ActiveCfg = Debug|Any CPU
		{AA1064F6-6A41-405B-9AEB-BDFD5670506C}.Debug|Any CPU.Build.0 = Debug|Any CPU
		{AA1064F6-6A41-405B-9AEB-BDFD5670506C}.Release|Any CPU.ActiveCfg = Release|Any CPU
		{AA1064F6-6A41-405B-9AEB-BDFD5670506C}.Release|Any CPU.Build.0 = Release|Any CPU
		{5A17AEC8-F492-48F4-8C6F-4063489DA58F}.Debug|Any CPU.ActiveCfg = Debug|Any CPU
		{5A17AEC8-F492-48F4-8C6F-4063489DA58F}.Debug|Any CPU.Build.0 = Debug|Any CPU
		{5A17AEC8-F492-48F4-8C6F-4063489DA58F}.Release|Any CPU.ActiveCfg = Release|Any CPU
		{5A17AEC8-F492-48F4-8C6F-4063489DA58F}.Release|Any CPU.Build.0 = Release|Any CPU
		{6394F395-66C1-483D-B4BC-8B19007F7785}.Debug|Any CPU.ActiveCfg = Debug|Any CPU
		{6394F395-66C1-483D-B4BC-8B19007F7785}.Debug|Any CPU.Build.0 = Debug|Any CPU
		{6394F395-66C1-483D-B4BC-8B19007F7785}.Release|Any CPU.ActiveCfg = Release|Any CPU
		{6394F395-66C1-483D-B4BC-8B19007F7785}.Release|Any CPU.Build.0 = Release|Any CPU
		{52EC4F8C-6145-4E15-8FE3-388431BEF5FA}.Debug|Any CPU.ActiveCfg = Debug|Any CPU
		{52EC4F8C-6145-4E15-8FE3-388431BEF5FA}.Debug|Any CPU.Build.0 = Debug|Any CPU
		{52EC4F8C-6145-4E15-8FE3-388431BEF5FA}.Release|Any CPU.ActiveCfg = Release|Any CPU
		{52EC4F8C-6145-4E15-8FE3-388431BEF5FA}.Release|Any CPU.Build.0 = Release|Any CPU
		{80A57BBD-8D51-4638-9D74-E63785754CC7}.Debug|Any CPU.ActiveCfg = Debug|Any CPU
		{80A57BBD-8D51-4638-9D74-E63785754CC7}.Debug|Any CPU.Build.0 = Debug|Any CPU
		{80A57BBD-8D51-4638-9D74-E63785754CC7}.Release|Any CPU.ActiveCfg = Release|Any CPU
		{80A57BBD-8D51-4638-9D74-E63785754CC7}.Release|Any CPU.Build.0 = Release|Any CPU
		{D45D3575-38B3-408E-8693-A1E67D6406EA}.Debug|Any CPU.ActiveCfg = Debug|Any CPU
		{D45D3575-38B3-408E-8693-A1E67D6406EA}.Debug|Any CPU.Build.0 = Debug|Any CPU
		{D45D3575-38B3-408E-8693-A1E67D6406EA}.Release|Any CPU.ActiveCfg = Release|Any CPU
		{D45D3575-38B3-408E-8693-A1E67D6406EA}.Release|Any CPU.Build.0 = Release|Any CPU
		{573E39CB-D13B-41E9-9754-136344202C98}.Debug|Any CPU.ActiveCfg = Debug|Any CPU
		{573E39CB-D13B-41E9-9754-136344202C98}.Debug|Any CPU.Build.0 = Debug|Any CPU
		{573E39CB-D13B-41E9-9754-136344202C98}.Release|Any CPU.ActiveCfg = Release|Any CPU
		{573E39CB-D13B-41E9-9754-136344202C98}.Release|Any CPU.Build.0 = Release|Any CPU
		{10F2D68D-5EE4-4DC4-81AB-DAA30A6BF951}.Debug|Any CPU.ActiveCfg = Debug|Any CPU
		{10F2D68D-5EE4-4DC4-81AB-DAA30A6BF951}.Debug|Any CPU.Build.0 = Debug|Any CPU
		{10F2D68D-5EE4-4DC4-81AB-DAA30A6BF951}.Release|Any CPU.ActiveCfg = Release|Any CPU
		{10F2D68D-5EE4-4DC4-81AB-DAA30A6BF951}.Release|Any CPU.Build.0 = Release|Any CPU
		{37CCE04E-C754-4F01-BF99-A4FE97F624DE}.Debug|Any CPU.ActiveCfg = Debug|Any CPU
		{37CCE04E-C754-4F01-BF99-A4FE97F624DE}.Debug|Any CPU.Build.0 = Debug|Any CPU
		{37CCE04E-C754-4F01-BF99-A4FE97F624DE}.Release|Any CPU.ActiveCfg = Release|Any CPU
		{37CCE04E-C754-4F01-BF99-A4FE97F624DE}.Release|Any CPU.Build.0 = Release|Any CPU
		{981D4D16-88E3-4E85-9038-41FAF813A0F6}.Debug|Any CPU.ActiveCfg = Debug|Any CPU
		{981D4D16-88E3-4E85-9038-41FAF813A0F6}.Debug|Any CPU.Build.0 = Debug|Any CPU
		{981D4D16-88E3-4E85-9038-41FAF813A0F6}.Release|Any CPU.ActiveCfg = Release|Any CPU
		{981D4D16-88E3-4E85-9038-41FAF813A0F6}.Release|Any CPU.Build.0 = Release|Any CPU
		{ED77B8CD-D464-4F7A-955C-9B89CAA4A167}.Debug|Any CPU.ActiveCfg = Debug|Any CPU
		{ED77B8CD-D464-4F7A-955C-9B89CAA4A167}.Debug|Any CPU.Build.0 = Debug|Any CPU
		{ED77B8CD-D464-4F7A-955C-9B89CAA4A167}.Release|Any CPU.ActiveCfg = Release|Any CPU
		{ED77B8CD-D464-4F7A-955C-9B89CAA4A167}.Release|Any CPU.Build.0 = Release|Any CPU
		{F95DC020-1656-433D-811B-6146E07C449B}.Debug|Any CPU.ActiveCfg = Debug|Any CPU
		{F95DC020-1656-433D-811B-6146E07C449B}.Debug|Any CPU.Build.0 = Debug|Any CPU
		{F95DC020-1656-433D-811B-6146E07C449B}.Release|Any CPU.ActiveCfg = Release|Any CPU
		{F95DC020-1656-433D-811B-6146E07C449B}.Release|Any CPU.Build.0 = Release|Any CPU
		{E245AB65-88DD-4CAC-BDCE-E923CB87067B}.Debug|Any CPU.ActiveCfg = Debug|Any CPU
		{E245AB65-88DD-4CAC-BDCE-E923CB87067B}.Debug|Any CPU.Build.0 = Debug|Any CPU
		{E245AB65-88DD-4CAC-BDCE-E923CB87067B}.Release|Any CPU.ActiveCfg = Release|Any CPU
		{E245AB65-88DD-4CAC-BDCE-E923CB87067B}.Release|Any CPU.Build.0 = Release|Any CPU
		{6F7E86A7-2124-4995-A748-0BD78D98576F}.Debug|Any CPU.ActiveCfg = Debug|Any CPU
		{6F7E86A7-2124-4995-A748-0BD78D98576F}.Debug|Any CPU.Build.0 = Debug|Any CPU
		{6F7E86A7-2124-4995-A748-0BD78D98576F}.Release|Any CPU.ActiveCfg = Release|Any CPU
		{6F7E86A7-2124-4995-A748-0BD78D98576F}.Release|Any CPU.Build.0 = Release|Any CPU
	EndGlobalSection
	GlobalSection(SolutionProperties) = preSolution
		HideSolutionNode = FALSE
	EndGlobalSection
	GlobalSection(ExtensibilityGlobals) = postSolution
		SolutionGuid = {10681780-EDC2-4AAC-8551-A22B38DC45CE}
	EndGlobalSection
	GlobalSection(NestedProjects) = preSolution
	EndGlobalSection
EndGlobal
