
Microsoft Visual Studio Solution File, Format Version 12.00
# Visual Studio 15
VisualStudioVersion = 15.0.27703.2026
MinimumVisualStudioVersion = 10.0.40219.1
Project("{9A19103F-16F7-4668-BE54-9A1E7A4F7556}") = "Microwave.Domain", "Microwave.Domain\Microwave.Domain.csproj", "{9A1885D9-77BB-45D4-99E5-A9FC15F9B6A5}"
EndProject
Project("{9A19103F-16F7-4668-BE54-9A1E7A4F7556}") = "Microwave.Application", "Microwave.Application\Microwave.Application.csproj", "{166E472C-7517-456A-94F2-60C4F8D4F36D}"
EndProject
Project("{9A19103F-16F7-4668-BE54-9A1E7A4F7556}") = "Microwave.EventStores", "Microwave.EventStores\Microwave.EventStores.csproj", "{05981F37-6A08-4CC9-8020-B0B00BF5E622}"
EndProject
Project("{9A19103F-16F7-4668-BE54-9A1E7A4F7556}") = "Microwave.Eventstores.UnitTests", "Microwave.Eventstores.UnitTests\Microwave.Eventstores.UnitTests.csproj", "{C73734E8-928B-4C41-9054-F294D02219F1}"
EndProject
Project("{9A19103F-16F7-4668-BE54-9A1E7A4F7556}") = "Microwave.ObjectPersistences", "Microwave.ObjectPersistences\Microwave.ObjectPersistences.csproj", "{8C58785A-25AF-4C86-B55B-6DC3ADBAD825}"
EndProject
Project("{9A19103F-16F7-4668-BE54-9A1E7A4F7556}") = "Microwave.Queries", "Microwave.Queries\Microwave.Queries.csproj", "{8D96537D-5061-45AC-A587-C69F7E4DB3D1}"
EndProject
Project("{9A19103F-16F7-4668-BE54-9A1E7A4F7556}") = "Microwave.Queries.UnitTests", "Microwave.Queries.UnitTests\Microwave.Queries.UnitTests.csproj", "{B3AA5BEA-6586-4A39-9541-1812F456FB0B}"
EndProject
Project("{9A19103F-16F7-4668-BE54-9A1E7A4F7556}") = "Microwave.WebApi", "Microwave.WebApi\Microwave.WebApi.csproj", "{4110C154-DF57-445A-93EE-10D5FB4CD16C}"
EndProject
Project("{9A19103F-16F7-4668-BE54-9A1E7A4F7556}") = "Microwave", "Microwave\Microwave.csproj", "{FA64444E-B6E5-49F4-8915-45D50B1F83DA}"
EndProject
Project("{9A19103F-16F7-4668-BE54-9A1E7A4F7556}") = "Microwave.UnitTests", "Microwave.UnitTests\Microwave.UnitTests.csproj", "{6DE4BD27-1E59-43F3-AF52-5925CEA1E9CA}"
EndProject
Project("{FAE04EC0-301F-11D3-BF4B-00C04F79EFBC}") = "Microwave.Domain.UnitTests", "Microwave.Domain.UnitTests\Microwave.Domain.UnitTests.csproj", "{306D2634-E1A9-4C72-AEA5-AEB9FA26110F}"
EndProject
Project("{FAE04EC0-301F-11D3-BF4B-00C04F79EFBC}") = "Microwave.Application.UnitTests", "Microwave.Application.UnitTests\Microwave.Application.UnitTests.csproj", "{E692F31A-891F-4FCC-99DA-5BC9213A43F3}"
EndProject
Project("{FAE04EC0-301F-11D3-BF4B-00C04F79EFBC}") = "Microwave.WebApi.UnitTests", "Microwave.WebApi.UnitTests\Microwave.WebApi.UnitTests.csproj", "{3622487E-A894-49FD-A8EF-5D11DAA01B62}"
EndProject
Global
	GlobalSection(SolutionConfigurationPlatforms) = preSolution
		Debug|Any CPU = Debug|Any CPU
		Release|Any CPU = Release|Any CPU
	EndGlobalSection
	GlobalSection(ProjectConfigurationPlatforms) = postSolution
		{9A1885D9-77BB-45D4-99E5-A9FC15F9B6A5}.Debug|Any CPU.ActiveCfg = Debug|Any CPU
		{9A1885D9-77BB-45D4-99E5-A9FC15F9B6A5}.Debug|Any CPU.Build.0 = Debug|Any CPU
		{9A1885D9-77BB-45D4-99E5-A9FC15F9B6A5}.Release|Any CPU.ActiveCfg = Release|Any CPU
		{9A1885D9-77BB-45D4-99E5-A9FC15F9B6A5}.Release|Any CPU.Build.0 = Release|Any CPU
		{166E472C-7517-456A-94F2-60C4F8D4F36D}.Debug|Any CPU.ActiveCfg = Debug|Any CPU
		{166E472C-7517-456A-94F2-60C4F8D4F36D}.Debug|Any CPU.Build.0 = Debug|Any CPU
		{166E472C-7517-456A-94F2-60C4F8D4F36D}.Release|Any CPU.ActiveCfg = Release|Any CPU
		{166E472C-7517-456A-94F2-60C4F8D4F36D}.Release|Any CPU.Build.0 = Release|Any CPU
		{05981F37-6A08-4CC9-8020-B0B00BF5E622}.Debug|Any CPU.ActiveCfg = Debug|Any CPU
		{05981F37-6A08-4CC9-8020-B0B00BF5E622}.Debug|Any CPU.Build.0 = Debug|Any CPU
		{05981F37-6A08-4CC9-8020-B0B00BF5E622}.Release|Any CPU.ActiveCfg = Release|Any CPU
		{05981F37-6A08-4CC9-8020-B0B00BF5E622}.Release|Any CPU.Build.0 = Release|Any CPU
		{C73734E8-928B-4C41-9054-F294D02219F1}.Debug|Any CPU.ActiveCfg = Debug|Any CPU
		{C73734E8-928B-4C41-9054-F294D02219F1}.Debug|Any CPU.Build.0 = Debug|Any CPU
		{C73734E8-928B-4C41-9054-F294D02219F1}.Release|Any CPU.ActiveCfg = Release|Any CPU
		{C73734E8-928B-4C41-9054-F294D02219F1}.Release|Any CPU.Build.0 = Release|Any CPU
		{8C58785A-25AF-4C86-B55B-6DC3ADBAD825}.Debug|Any CPU.ActiveCfg = Debug|Any CPU
		{8C58785A-25AF-4C86-B55B-6DC3ADBAD825}.Debug|Any CPU.Build.0 = Debug|Any CPU
		{8C58785A-25AF-4C86-B55B-6DC3ADBAD825}.Release|Any CPU.ActiveCfg = Release|Any CPU
		{8C58785A-25AF-4C86-B55B-6DC3ADBAD825}.Release|Any CPU.Build.0 = Release|Any CPU
		{8D96537D-5061-45AC-A587-C69F7E4DB3D1}.Debug|Any CPU.ActiveCfg = Debug|Any CPU
		{8D96537D-5061-45AC-A587-C69F7E4DB3D1}.Debug|Any CPU.Build.0 = Debug|Any CPU
		{8D96537D-5061-45AC-A587-C69F7E4DB3D1}.Release|Any CPU.ActiveCfg = Release|Any CPU
		{8D96537D-5061-45AC-A587-C69F7E4DB3D1}.Release|Any CPU.Build.0 = Release|Any CPU
		{B3AA5BEA-6586-4A39-9541-1812F456FB0B}.Debug|Any CPU.ActiveCfg = Debug|Any CPU
		{B3AA5BEA-6586-4A39-9541-1812F456FB0B}.Debug|Any CPU.Build.0 = Debug|Any CPU
		{B3AA5BEA-6586-4A39-9541-1812F456FB0B}.Release|Any CPU.ActiveCfg = Release|Any CPU
		{B3AA5BEA-6586-4A39-9541-1812F456FB0B}.Release|Any CPU.Build.0 = Release|Any CPU
		{4110C154-DF57-445A-93EE-10D5FB4CD16C}.Debug|Any CPU.ActiveCfg = Debug|Any CPU
		{4110C154-DF57-445A-93EE-10D5FB4CD16C}.Debug|Any CPU.Build.0 = Debug|Any CPU
		{4110C154-DF57-445A-93EE-10D5FB4CD16C}.Release|Any CPU.ActiveCfg = Release|Any CPU
		{4110C154-DF57-445A-93EE-10D5FB4CD16C}.Release|Any CPU.Build.0 = Release|Any CPU
		{FA64444E-B6E5-49F4-8915-45D50B1F83DA}.Debug|Any CPU.ActiveCfg = Debug|Any CPU
		{FA64444E-B6E5-49F4-8915-45D50B1F83DA}.Debug|Any CPU.Build.0 = Debug|Any CPU
		{FA64444E-B6E5-49F4-8915-45D50B1F83DA}.Release|Any CPU.ActiveCfg = Release|Any CPU
		{FA64444E-B6E5-49F4-8915-45D50B1F83DA}.Release|Any CPU.Build.0 = Release|Any CPU
		{6DE4BD27-1E59-43F3-AF52-5925CEA1E9CA}.Debug|Any CPU.ActiveCfg = Debug|Any CPU
		{6DE4BD27-1E59-43F3-AF52-5925CEA1E9CA}.Debug|Any CPU.Build.0 = Debug|Any CPU
		{6DE4BD27-1E59-43F3-AF52-5925CEA1E9CA}.Release|Any CPU.ActiveCfg = Release|Any CPU
		{6DE4BD27-1E59-43F3-AF52-5925CEA1E9CA}.Release|Any CPU.Build.0 = Release|Any CPU
		{306D2634-E1A9-4C72-AEA5-AEB9FA26110F}.Debug|Any CPU.ActiveCfg = Debug|Any CPU
		{306D2634-E1A9-4C72-AEA5-AEB9FA26110F}.Debug|Any CPU.Build.0 = Debug|Any CPU
		{306D2634-E1A9-4C72-AEA5-AEB9FA26110F}.Release|Any CPU.ActiveCfg = Release|Any CPU
		{306D2634-E1A9-4C72-AEA5-AEB9FA26110F}.Release|Any CPU.Build.0 = Release|Any CPU
		{E692F31A-891F-4FCC-99DA-5BC9213A43F3}.Debug|Any CPU.ActiveCfg = Debug|Any CPU
		{E692F31A-891F-4FCC-99DA-5BC9213A43F3}.Debug|Any CPU.Build.0 = Debug|Any CPU
		{E692F31A-891F-4FCC-99DA-5BC9213A43F3}.Release|Any CPU.ActiveCfg = Release|Any CPU
		{E692F31A-891F-4FCC-99DA-5BC9213A43F3}.Release|Any CPU.Build.0 = Release|Any CPU
		{3622487E-A894-49FD-A8EF-5D11DAA01B62}.Debug|Any CPU.ActiveCfg = Debug|Any CPU
		{3622487E-A894-49FD-A8EF-5D11DAA01B62}.Debug|Any CPU.Build.0 = Debug|Any CPU
		{3622487E-A894-49FD-A8EF-5D11DAA01B62}.Release|Any CPU.ActiveCfg = Release|Any CPU
		{3622487E-A894-49FD-A8EF-5D11DAA01B62}.Release|Any CPU.Build.0 = Release|Any CPU
	EndGlobalSection
	GlobalSection(SolutionProperties) = preSolution
		HideSolutionNode = FALSE
	EndGlobalSection
	GlobalSection(ExtensibilityGlobals) = postSolution
		SolutionGuid = {10681780-EDC2-4AAC-8551-A22B38DC45CE}
	EndGlobalSection
EndGlobal
