
Microsoft Visual Studio Solution File, Format Version 12.00
Project("{FAE04EC0-301F-11D3-BF4B-00C04F79EFBC}") = "OnlineLeagueBackend", "OnlineLeagueBackend\OnlineLeagueBackend.csproj", "{B01EBD7F-4339-4F67-A892-6E1D8AB9BA17}"
EndProject
Project("{FAE04EC0-301F-11D3-BF4B-00C04F79EFBC}") = "Domain.Seasons", "Domain.Seasons\Domain.Seasons.csproj", "{3BCECD51-2898-479C-B3AA-EAE4C1078DE4}"
EndProject
Project("{FAE04EC0-301F-11D3-BF4B-00C04F79EFBC}") = "Application.Seasons", "Application.Seasons\Application.Seasons.csproj", "{E794DE43-CB0A-41FD-8705-9EFACF36783A}"
EndProject
Project("{FAE04EC0-301F-11D3-BF4B-00C04F79EFBC}") = "Adapters.WebApi.Seasons", "Adapters.WebApi.Seasons\Adapters.WebApi.Seasons.csproj", "{09B00315-8016-43FC-9CC7-302479C297C9}"
EndProject
Project("{FAE04EC0-301F-11D3-BF4B-00C04F79EFBC}") = "Domain.Framework", "Domain.Framework\Domain.Framework.csproj", "{9A1885D9-77BB-45D4-99E5-A9FC15F9B6A5}"
EndProject
Project("{FAE04EC0-301F-11D3-BF4B-00C04F79EFBC}") = "Domain.Framework.Tests", "Domain.Framework.Tests\Domain.Framework.Tests.csproj", "{15F16E65-B0D5-4322-AF6A-5F7B94A20CA8}"
EndProject
Project("{FAE04EC0-301F-11D3-BF4B-00C04F79EFBC}") = "Adapters.Framework.EventStores", "Adapters.Framework.EventStores\Adapters.Framework.EventStores.csproj", "{1441D8A6-105E-4B9B-A388-2C64C633CC5D}"
EndProject
Project("{FAE04EC0-301F-11D3-BF4B-00C04F79EFBC}") = "Application.Framework", "Application.Framework\Application.Framework.csproj", "{C2CABBC2-F393-4502-B3C8-F6E5DFD15D44}"
EndProject
Project("{FAE04EC0-301F-11D3-BF4B-00C04F79EFBC}") = "Adapters.Json.ObjectPersistences", "Adapters.Json.ObjectPersistences\Adapters.Json.ObjectPersistences.csproj", "{BEE54EA4-ABC9-4498-A70D-B9EC79D0FEB4}"
EndProject
Project("{FAE04EC0-301F-11D3-BF4B-00C04F79EFBC}") = "Application.Seasons.Querries", "Application.Seasons.Querries\Application.Seasons.Querries.csproj", "{FFB330FD-0FEC-4FB8-9F26-46C6D703B3CE}"
EndProject
Project("{FAE04EC0-301F-11D3-BF4B-00C04F79EFBC}") = "DependencyInjection.Framework", "DependencyInjection.Framework\DependencyInjection.Framework.csproj", "{0AFD928B-1BB2-4A81-A0EB-E167500EA60E}"
EndProject
Project("{FAE04EC0-301F-11D3-BF4B-00C04F79EFBC}") = "Adapters.Framework.Subscriptions", "Adapters.Framework.Subscriptions\Adapters.Framework.Subscriptions.csproj", "{725D9920-548A-43A9-9976-5E96F8E2B53E}"
EndProject
Project("{FAE04EC0-301F-11D3-BF4B-00C04F79EFBC}") = "Adapters.Framework.WebApi", "Adapters.Framework.WebApi\Adapters.Framework.WebApi.csproj", "{B2D98342-A15D-415C-8AEB-277F8D1CE93B}"
EndProject
Project("{FAE04EC0-301F-11D3-BF4B-00C04F79EFBC}") = "Adapters.Framework.Queries", "Adapters.Framework.Queries\Adapters.Framework.Queries.csproj", "{041E1443-21E4-4340-8389-2C8336C3209D}"
EndProject
Project("{FAE04EC0-301F-11D3-BF4B-00C04F79EFBC}") = "Adapters.Framework.Queries.UnitTests", "Adapters.Framework.Queries.UnitTests\Adapters.Framework.Queries.UnitTests.csproj", "{250F6870-29E3-4362-9842-9056890EEB1B}"
EndProject
Project("{FAE04EC0-301F-11D3-BF4B-00C04F79EFBC}") = "Adapters.Framework.Eventstores.UnitTests", "Adapters.Framework.Eventstores.UnitTests\Adapters.Framework.Eventstores.UnitTests.csproj", "{3B1EAD7F-9B27-48A4-87EA-2FB7EF44492B}"
EndProject
Project("{FAE04EC0-301F-11D3-BF4B-00C04F79EFBC}") = "DependencyInjection.Framework.UnitTests", "DependencyInjection.Framework.UnitTests\DependencyInjection.Framework.UnitTests.csproj", "{ADDBBB59-2CD0-42D8-AC04-038C6527A446}"
EndProject
Project("{FAE04EC0-301F-11D3-BF4B-00C04F79EFBC}") = "Domain.Teams", "Domain.Teams\Domain.Teams.csproj", "{F0CC1926-1409-47A9-B88C-5C80E76301A4}"
EndProject
Project("{FAE04EC0-301F-11D3-BF4B-00C04F79EFBC}") = "Domain.Players", "Domain.Players\Domain.Players.csproj", "{6C4C3D0B-6067-4C30-A105-FEC0BEAF9294}"
EndProject
Project("{FAE04EC0-301F-11D3-BF4B-00C04F79EFBC}") = "Domain.Team.DomainEvents", "Domain.Team.DomainEvents\Domain.Team.DomainEvents.csproj", "{4DA015BE-AEF8-4849-B001-0A86B464ECF8}"
EndProject
Project("{FAE04EC0-301F-11D3-BF4B-00C04F79EFBC}") = "Application.Teams", "Application.Teams\Application.Teams.csproj", "{75E1D4EB-5F06-4CB9-B992-96F956E67208}"
EndProject
Global
	GlobalSection(SolutionConfigurationPlatforms) = preSolution
		Debug|Any CPU = Debug|Any CPU
		Release|Any CPU = Release|Any CPU
	EndGlobalSection
	GlobalSection(ProjectConfigurationPlatforms) = postSolution
		{B01EBD7F-4339-4F67-A892-6E1D8AB9BA17}.Debug|Any CPU.ActiveCfg = Debug|Any CPU
		{B01EBD7F-4339-4F67-A892-6E1D8AB9BA17}.Debug|Any CPU.Build.0 = Debug|Any CPU
		{B01EBD7F-4339-4F67-A892-6E1D8AB9BA17}.Release|Any CPU.ActiveCfg = Release|Any CPU
		{B01EBD7F-4339-4F67-A892-6E1D8AB9BA17}.Release|Any CPU.Build.0 = Release|Any CPU
		{3BCECD51-2898-479C-B3AA-EAE4C1078DE4}.Debug|Any CPU.ActiveCfg = Debug|Any CPU
		{3BCECD51-2898-479C-B3AA-EAE4C1078DE4}.Debug|Any CPU.Build.0 = Debug|Any CPU
		{3BCECD51-2898-479C-B3AA-EAE4C1078DE4}.Release|Any CPU.ActiveCfg = Release|Any CPU
		{3BCECD51-2898-479C-B3AA-EAE4C1078DE4}.Release|Any CPU.Build.0 = Release|Any CPU
		{E794DE43-CB0A-41FD-8705-9EFACF36783A}.Debug|Any CPU.ActiveCfg = Debug|Any CPU
		{E794DE43-CB0A-41FD-8705-9EFACF36783A}.Debug|Any CPU.Build.0 = Debug|Any CPU
		{E794DE43-CB0A-41FD-8705-9EFACF36783A}.Release|Any CPU.ActiveCfg = Release|Any CPU
		{E794DE43-CB0A-41FD-8705-9EFACF36783A}.Release|Any CPU.Build.0 = Release|Any CPU
		{09B00315-8016-43FC-9CC7-302479C297C9}.Debug|Any CPU.ActiveCfg = Debug|Any CPU
		{09B00315-8016-43FC-9CC7-302479C297C9}.Debug|Any CPU.Build.0 = Debug|Any CPU
		{09B00315-8016-43FC-9CC7-302479C297C9}.Release|Any CPU.ActiveCfg = Release|Any CPU
		{09B00315-8016-43FC-9CC7-302479C297C9}.Release|Any CPU.Build.0 = Release|Any CPU
		{9A1885D9-77BB-45D4-99E5-A9FC15F9B6A5}.Debug|Any CPU.ActiveCfg = Debug|Any CPU
		{9A1885D9-77BB-45D4-99E5-A9FC15F9B6A5}.Debug|Any CPU.Build.0 = Debug|Any CPU
		{9A1885D9-77BB-45D4-99E5-A9FC15F9B6A5}.Release|Any CPU.ActiveCfg = Release|Any CPU
		{9A1885D9-77BB-45D4-99E5-A9FC15F9B6A5}.Release|Any CPU.Build.0 = Release|Any CPU
		{15F16E65-B0D5-4322-AF6A-5F7B94A20CA8}.Debug|Any CPU.ActiveCfg = Debug|Any CPU
		{15F16E65-B0D5-4322-AF6A-5F7B94A20CA8}.Debug|Any CPU.Build.0 = Debug|Any CPU
		{15F16E65-B0D5-4322-AF6A-5F7B94A20CA8}.Release|Any CPU.ActiveCfg = Release|Any CPU
		{15F16E65-B0D5-4322-AF6A-5F7B94A20CA8}.Release|Any CPU.Build.0 = Release|Any CPU
		{1441D8A6-105E-4B9B-A388-2C64C633CC5D}.Debug|Any CPU.ActiveCfg = Debug|Any CPU
		{1441D8A6-105E-4B9B-A388-2C64C633CC5D}.Debug|Any CPU.Build.0 = Debug|Any CPU
		{1441D8A6-105E-4B9B-A388-2C64C633CC5D}.Release|Any CPU.ActiveCfg = Release|Any CPU
		{1441D8A6-105E-4B9B-A388-2C64C633CC5D}.Release|Any CPU.Build.0 = Release|Any CPU
		{C2CABBC2-F393-4502-B3C8-F6E5DFD15D44}.Debug|Any CPU.ActiveCfg = Debug|Any CPU
		{C2CABBC2-F393-4502-B3C8-F6E5DFD15D44}.Debug|Any CPU.Build.0 = Debug|Any CPU
		{C2CABBC2-F393-4502-B3C8-F6E5DFD15D44}.Release|Any CPU.ActiveCfg = Release|Any CPU
		{C2CABBC2-F393-4502-B3C8-F6E5DFD15D44}.Release|Any CPU.Build.0 = Release|Any CPU
		{BEE54EA4-ABC9-4498-A70D-B9EC79D0FEB4}.Debug|Any CPU.ActiveCfg = Debug|Any CPU
		{BEE54EA4-ABC9-4498-A70D-B9EC79D0FEB4}.Debug|Any CPU.Build.0 = Debug|Any CPU
		{BEE54EA4-ABC9-4498-A70D-B9EC79D0FEB4}.Release|Any CPU.ActiveCfg = Release|Any CPU
		{BEE54EA4-ABC9-4498-A70D-B9EC79D0FEB4}.Release|Any CPU.Build.0 = Release|Any CPU
		{FFB330FD-0FEC-4FB8-9F26-46C6D703B3CE}.Debug|Any CPU.ActiveCfg = Debug|Any CPU
		{FFB330FD-0FEC-4FB8-9F26-46C6D703B3CE}.Debug|Any CPU.Build.0 = Debug|Any CPU
		{FFB330FD-0FEC-4FB8-9F26-46C6D703B3CE}.Release|Any CPU.ActiveCfg = Release|Any CPU
		{FFB330FD-0FEC-4FB8-9F26-46C6D703B3CE}.Release|Any CPU.Build.0 = Release|Any CPU
		{0AFD928B-1BB2-4A81-A0EB-E167500EA60E}.Debug|Any CPU.ActiveCfg = Debug|Any CPU
		{0AFD928B-1BB2-4A81-A0EB-E167500EA60E}.Debug|Any CPU.Build.0 = Debug|Any CPU
		{0AFD928B-1BB2-4A81-A0EB-E167500EA60E}.Release|Any CPU.ActiveCfg = Release|Any CPU
		{0AFD928B-1BB2-4A81-A0EB-E167500EA60E}.Release|Any CPU.Build.0 = Release|Any CPU
		{725D9920-548A-43A9-9976-5E96F8E2B53E}.Debug|Any CPU.ActiveCfg = Debug|Any CPU
		{725D9920-548A-43A9-9976-5E96F8E2B53E}.Debug|Any CPU.Build.0 = Debug|Any CPU
		{725D9920-548A-43A9-9976-5E96F8E2B53E}.Release|Any CPU.ActiveCfg = Release|Any CPU
		{725D9920-548A-43A9-9976-5E96F8E2B53E}.Release|Any CPU.Build.0 = Release|Any CPU
		{B2D98342-A15D-415C-8AEB-277F8D1CE93B}.Debug|Any CPU.ActiveCfg = Debug|Any CPU
		{B2D98342-A15D-415C-8AEB-277F8D1CE93B}.Debug|Any CPU.Build.0 = Debug|Any CPU
		{B2D98342-A15D-415C-8AEB-277F8D1CE93B}.Release|Any CPU.ActiveCfg = Release|Any CPU
		{B2D98342-A15D-415C-8AEB-277F8D1CE93B}.Release|Any CPU.Build.0 = Release|Any CPU
		{041E1443-21E4-4340-8389-2C8336C3209D}.Debug|Any CPU.ActiveCfg = Debug|Any CPU
		{041E1443-21E4-4340-8389-2C8336C3209D}.Debug|Any CPU.Build.0 = Debug|Any CPU
		{041E1443-21E4-4340-8389-2C8336C3209D}.Release|Any CPU.ActiveCfg = Release|Any CPU
		{041E1443-21E4-4340-8389-2C8336C3209D}.Release|Any CPU.Build.0 = Release|Any CPU
		{250F6870-29E3-4362-9842-9056890EEB1B}.Debug|Any CPU.ActiveCfg = Debug|Any CPU
		{250F6870-29E3-4362-9842-9056890EEB1B}.Debug|Any CPU.Build.0 = Debug|Any CPU
		{250F6870-29E3-4362-9842-9056890EEB1B}.Release|Any CPU.ActiveCfg = Release|Any CPU
		{250F6870-29E3-4362-9842-9056890EEB1B}.Release|Any CPU.Build.0 = Release|Any CPU
		{3B1EAD7F-9B27-48A4-87EA-2FB7EF44492B}.Debug|Any CPU.ActiveCfg = Debug|Any CPU
		{3B1EAD7F-9B27-48A4-87EA-2FB7EF44492B}.Debug|Any CPU.Build.0 = Debug|Any CPU
		{3B1EAD7F-9B27-48A4-87EA-2FB7EF44492B}.Release|Any CPU.ActiveCfg = Release|Any CPU
		{3B1EAD7F-9B27-48A4-87EA-2FB7EF44492B}.Release|Any CPU.Build.0 = Release|Any CPU
		{ADDBBB59-2CD0-42D8-AC04-038C6527A446}.Debug|Any CPU.ActiveCfg = Debug|Any CPU
		{ADDBBB59-2CD0-42D8-AC04-038C6527A446}.Debug|Any CPU.Build.0 = Debug|Any CPU
		{ADDBBB59-2CD0-42D8-AC04-038C6527A446}.Release|Any CPU.ActiveCfg = Release|Any CPU
		{ADDBBB59-2CD0-42D8-AC04-038C6527A446}.Release|Any CPU.Build.0 = Release|Any CPU
		{F0CC1926-1409-47A9-B88C-5C80E76301A4}.Debug|Any CPU.ActiveCfg = Debug|Any CPU
		{F0CC1926-1409-47A9-B88C-5C80E76301A4}.Debug|Any CPU.Build.0 = Debug|Any CPU
		{F0CC1926-1409-47A9-B88C-5C80E76301A4}.Release|Any CPU.ActiveCfg = Release|Any CPU
		{F0CC1926-1409-47A9-B88C-5C80E76301A4}.Release|Any CPU.Build.0 = Release|Any CPU
		{6C4C3D0B-6067-4C30-A105-FEC0BEAF9294}.Debug|Any CPU.ActiveCfg = Debug|Any CPU
		{6C4C3D0B-6067-4C30-A105-FEC0BEAF9294}.Debug|Any CPU.Build.0 = Debug|Any CPU
		{6C4C3D0B-6067-4C30-A105-FEC0BEAF9294}.Release|Any CPU.ActiveCfg = Release|Any CPU
		{6C4C3D0B-6067-4C30-A105-FEC0BEAF9294}.Release|Any CPU.Build.0 = Release|Any CPU
		{4DA015BE-AEF8-4849-B001-0A86B464ECF8}.Debug|Any CPU.ActiveCfg = Debug|Any CPU
		{4DA015BE-AEF8-4849-B001-0A86B464ECF8}.Debug|Any CPU.Build.0 = Debug|Any CPU
		{4DA015BE-AEF8-4849-B001-0A86B464ECF8}.Release|Any CPU.ActiveCfg = Release|Any CPU
		{4DA015BE-AEF8-4849-B001-0A86B464ECF8}.Release|Any CPU.Build.0 = Release|Any CPU
		{75E1D4EB-5F06-4CB9-B992-96F956E67208}.Debug|Any CPU.ActiveCfg = Debug|Any CPU
		{75E1D4EB-5F06-4CB9-B992-96F956E67208}.Debug|Any CPU.Build.0 = Debug|Any CPU
		{75E1D4EB-5F06-4CB9-B992-96F956E67208}.Release|Any CPU.ActiveCfg = Release|Any CPU
		{75E1D4EB-5F06-4CB9-B992-96F956E67208}.Release|Any CPU.Build.0 = Release|Any CPU
	EndGlobalSection
EndGlobal
