
Microsoft Visual Studio Solution File, Format Version 12.00
Project("{FAE04EC0-301F-11D3-BF4B-00C04F79EFBC}") = "OnlineLeagueBackend", "OnlineLeagueBackend\OnlineLeagueBackend.csproj", "{B01EBD7F-4339-4F67-A892-6E1D8AB9BA17}"
EndProject
Project("{FAE04EC0-301F-11D3-BF4B-00C04F79EFBC}") = "Domain.Seasons", "Domain.Seasons\Domain.Seasons.csproj", "{3BCECD51-2898-479C-B3AA-EAE4C1078DE4}"
EndProject
Project("{FAE04EC0-301F-11D3-BF4B-00C04F79EFBC}") = "Application.Seasons", "Application.Seasons\Application.Seasons.csproj", "{E794DE43-CB0A-41FD-8705-9EFACF36783A}"
EndProject
Project("{FAE04EC0-301F-11D3-BF4B-00C04F79EFBC}") = "Adapters.WebApi.Seasons", "Adapters.WebApi.Seasons\Adapters.WebApi.Seasons.csproj", "{09B00315-8016-43FC-9CC7-302479C297C9}"
EndProject
Project("{FAE04EC0-301F-11D3-BF4B-00C04F79EFBC}") = "Domain.Framework", "Domain.Framework\Domain.Framework.csproj", "{9A1885D9-77BB-45D4-99E5-A9FC15F9B6A5}"
EndProject
Project("{FAE04EC0-301F-11D3-BF4B-00C04F79EFBC}") = "Domain.Framework.Tests", "Domain.Framework.Tests\Domain.Framework.Tests.csproj", "{15F16E65-B0D5-4322-AF6A-5F7B94A20CA8}"
EndProject
Project("{FAE04EC0-301F-11D3-BF4B-00C04F79EFBC}") = "Adapters.Framework.EventStores", "Adapters.Framework.EventStores\Adapters.Framework.EventStores.csproj", "{1441D8A6-105E-4B9B-A388-2C64C633CC5D}"
EndProject
Project("{FAE04EC0-301F-11D3-BF4B-00C04F79EFBC}") = "Application.Framework", "Application.Framework\Application.Framework.csproj", "{C2CABBC2-F393-4502-B3C8-F6E5DFD15D44}"
EndProject
Project("{FAE04EC0-301F-11D3-BF4B-00C04F79EFBC}") = "Adapters.Framework.Eventstores.Tests", "Adapters.Framework.Eventstores.Tests\Adapters.Framework.Eventstores.Tests.csproj", "{B0FB3221-B8BD-42BF-B042-88836F474AF8}"
EndProject
Project("{FAE04EC0-301F-11D3-BF4B-00C04F79EFBC}") = "Adapters.Json.ObjectPersistences", "Adapters.Json.ObjectPersistences\Adapters.Json.ObjectPersistences.csproj", "{BEE54EA4-ABC9-4498-A70D-B9EC79D0FEB4}"
EndProject
Project("{FAE04EC0-301F-11D3-BF4B-00C04F79EFBC}") = "Application.Seasons.Querries", "Application.Seasons.Querries\Application.Seasons.Querries.csproj", "{FFB330FD-0FEC-4FB8-9F26-46C6D703B3CE}"
EndProject
Project("{FAE04EC0-301F-11D3-BF4B-00C04F79EFBC}") = "Domain.Seasons.Events", "Domain.Seasons.Events\Domain.Seasons.Events.csproj", "{6AC83EB8-CE25-4297-8741-0A8A39674128}"
EndProject
Project("{FAE04EC0-301F-11D3-BF4B-00C04F79EFBC}") = "DependencyInjection.Framework", "DependencyInjection.Framework\DependencyInjection.Framework.csproj", "{0AFD928B-1BB2-4A81-A0EB-E167500EA60E}"
EndProject
Project("{FAE04EC0-301F-11D3-BF4B-00C04F79EFBC}") = "DependencyInjection.Framework.Tests", "DependencyInjection.Framework.Tests\DependencyInjection.Framework.Tests.csproj", "{74A9FD08-227D-4451-AE78-E511685440B0}"
EndProject
Project("{FAE04EC0-301F-11D3-BF4B-00C04F79EFBC}") = "Adapters.Framework.Subscriptions", "Adapters.Framework.Subscriptions\Adapters.Framework.Subscriptions.csproj", "{725D9920-548A-43A9-9976-5E96F8E2B53E}"
EndProject
Project("{FAE04EC0-301F-11D3-BF4B-00C04F79EFBC}") = "Adapters.Framework.WebApi", "Adapters.Framework.WebApi\Adapters.Framework.WebApi.csproj", "{B2D98342-A15D-415C-8AEB-277F8D1CE93B}"
EndProject
Global
	GlobalSection(SolutionConfigurationPlatforms) = preSolution
		Debug|Any CPU = Debug|Any CPU
		Release|Any CPU = Release|Any CPU
	EndGlobalSection
	GlobalSection(ProjectConfigurationPlatforms) = postSolution
		{B01EBD7F-4339-4F67-A892-6E1D8AB9BA17}.Debug|Any CPU.ActiveCfg = Debug|Any CPU
		{B01EBD7F-4339-4F67-A892-6E1D8AB9BA17}.Debug|Any CPU.Build.0 = Debug|Any CPU
		{B01EBD7F-4339-4F67-A892-6E1D8AB9BA17}.Release|Any CPU.ActiveCfg = Release|Any CPU
		{B01EBD7F-4339-4F67-A892-6E1D8AB9BA17}.Release|Any CPU.Build.0 = Release|Any CPU
		{3BCECD51-2898-479C-B3AA-EAE4C1078DE4}.Debug|Any CPU.ActiveCfg = Debug|Any CPU
		{3BCECD51-2898-479C-B3AA-EAE4C1078DE4}.Debug|Any CPU.Build.0 = Debug|Any CPU
		{3BCECD51-2898-479C-B3AA-EAE4C1078DE4}.Release|Any CPU.ActiveCfg = Release|Any CPU
		{3BCECD51-2898-479C-B3AA-EAE4C1078DE4}.Release|Any CPU.Build.0 = Release|Any CPU
		{E794DE43-CB0A-41FD-8705-9EFACF36783A}.Debug|Any CPU.ActiveCfg = Debug|Any CPU
		{E794DE43-CB0A-41FD-8705-9EFACF36783A}.Debug|Any CPU.Build.0 = Debug|Any CPU
		{E794DE43-CB0A-41FD-8705-9EFACF36783A}.Release|Any CPU.ActiveCfg = Release|Any CPU
		{E794DE43-CB0A-41FD-8705-9EFACF36783A}.Release|Any CPU.Build.0 = Release|Any CPU
		{09B00315-8016-43FC-9CC7-302479C297C9}.Debug|Any CPU.ActiveCfg = Debug|Any CPU
		{09B00315-8016-43FC-9CC7-302479C297C9}.Debug|Any CPU.Build.0 = Debug|Any CPU
		{09B00315-8016-43FC-9CC7-302479C297C9}.Release|Any CPU.ActiveCfg = Release|Any CPU
		{09B00315-8016-43FC-9CC7-302479C297C9}.Release|Any CPU.Build.0 = Release|Any CPU
		{9A1885D9-77BB-45D4-99E5-A9FC15F9B6A5}.Debug|Any CPU.ActiveCfg = Debug|Any CPU
		{9A1885D9-77BB-45D4-99E5-A9FC15F9B6A5}.Debug|Any CPU.Build.0 = Debug|Any CPU
		{9A1885D9-77BB-45D4-99E5-A9FC15F9B6A5}.Release|Any CPU.ActiveCfg = Release|Any CPU
		{9A1885D9-77BB-45D4-99E5-A9FC15F9B6A5}.Release|Any CPU.Build.0 = Release|Any CPU
		{15F16E65-B0D5-4322-AF6A-5F7B94A20CA8}.Debug|Any CPU.ActiveCfg = Debug|Any CPU
		{15F16E65-B0D5-4322-AF6A-5F7B94A20CA8}.Debug|Any CPU.Build.0 = Debug|Any CPU
		{15F16E65-B0D5-4322-AF6A-5F7B94A20CA8}.Release|Any CPU.ActiveCfg = Release|Any CPU
		{15F16E65-B0D5-4322-AF6A-5F7B94A20CA8}.Release|Any CPU.Build.0 = Release|Any CPU
		{1441D8A6-105E-4B9B-A388-2C64C633CC5D}.Debug|Any CPU.ActiveCfg = Debug|Any CPU
		{1441D8A6-105E-4B9B-A388-2C64C633CC5D}.Debug|Any CPU.Build.0 = Debug|Any CPU
		{1441D8A6-105E-4B9B-A388-2C64C633CC5D}.Release|Any CPU.ActiveCfg = Release|Any CPU
		{1441D8A6-105E-4B9B-A388-2C64C633CC5D}.Release|Any CPU.Build.0 = Release|Any CPU
		{C2CABBC2-F393-4502-B3C8-F6E5DFD15D44}.Debug|Any CPU.ActiveCfg = Debug|Any CPU
		{C2CABBC2-F393-4502-B3C8-F6E5DFD15D44}.Debug|Any CPU.Build.0 = Debug|Any CPU
		{C2CABBC2-F393-4502-B3C8-F6E5DFD15D44}.Release|Any CPU.ActiveCfg = Release|Any CPU
		{C2CABBC2-F393-4502-B3C8-F6E5DFD15D44}.Release|Any CPU.Build.0 = Release|Any CPU
		{B0FB3221-B8BD-42BF-B042-88836F474AF8}.Debug|Any CPU.ActiveCfg = Debug|Any CPU
		{B0FB3221-B8BD-42BF-B042-88836F474AF8}.Debug|Any CPU.Build.0 = Debug|Any CPU
		{B0FB3221-B8BD-42BF-B042-88836F474AF8}.Release|Any CPU.ActiveCfg = Release|Any CPU
		{B0FB3221-B8BD-42BF-B042-88836F474AF8}.Release|Any CPU.Build.0 = Release|Any CPU
		{BEE54EA4-ABC9-4498-A70D-B9EC79D0FEB4}.Debug|Any CPU.ActiveCfg = Debug|Any CPU
		{BEE54EA4-ABC9-4498-A70D-B9EC79D0FEB4}.Debug|Any CPU.Build.0 = Debug|Any CPU
		{BEE54EA4-ABC9-4498-A70D-B9EC79D0FEB4}.Release|Any CPU.ActiveCfg = Release|Any CPU
		{BEE54EA4-ABC9-4498-A70D-B9EC79D0FEB4}.Release|Any CPU.Build.0 = Release|Any CPU
		{FFB330FD-0FEC-4FB8-9F26-46C6D703B3CE}.Debug|Any CPU.ActiveCfg = Debug|Any CPU
		{FFB330FD-0FEC-4FB8-9F26-46C6D703B3CE}.Debug|Any CPU.Build.0 = Debug|Any CPU
		{FFB330FD-0FEC-4FB8-9F26-46C6D703B3CE}.Release|Any CPU.ActiveCfg = Release|Any CPU
		{FFB330FD-0FEC-4FB8-9F26-46C6D703B3CE}.Release|Any CPU.Build.0 = Release|Any CPU
		{6AC83EB8-CE25-4297-8741-0A8A39674128}.Debug|Any CPU.ActiveCfg = Debug|Any CPU
		{6AC83EB8-CE25-4297-8741-0A8A39674128}.Debug|Any CPU.Build.0 = Debug|Any CPU
		{6AC83EB8-CE25-4297-8741-0A8A39674128}.Release|Any CPU.ActiveCfg = Release|Any CPU
		{6AC83EB8-CE25-4297-8741-0A8A39674128}.Release|Any CPU.Build.0 = Release|Any CPU
		{0AFD928B-1BB2-4A81-A0EB-E167500EA60E}.Debug|Any CPU.ActiveCfg = Debug|Any CPU
		{0AFD928B-1BB2-4A81-A0EB-E167500EA60E}.Debug|Any CPU.Build.0 = Debug|Any CPU
		{0AFD928B-1BB2-4A81-A0EB-E167500EA60E}.Release|Any CPU.ActiveCfg = Release|Any CPU
		{0AFD928B-1BB2-4A81-A0EB-E167500EA60E}.Release|Any CPU.Build.0 = Release|Any CPU
		{74A9FD08-227D-4451-AE78-E511685440B0}.Debug|Any CPU.ActiveCfg = Debug|Any CPU
		{74A9FD08-227D-4451-AE78-E511685440B0}.Debug|Any CPU.Build.0 = Debug|Any CPU
		{74A9FD08-227D-4451-AE78-E511685440B0}.Release|Any CPU.ActiveCfg = Release|Any CPU
		{74A9FD08-227D-4451-AE78-E511685440B0}.Release|Any CPU.Build.0 = Release|Any CPU
		{725D9920-548A-43A9-9976-5E96F8E2B53E}.Debug|Any CPU.ActiveCfg = Debug|Any CPU
		{725D9920-548A-43A9-9976-5E96F8E2B53E}.Debug|Any CPU.Build.0 = Debug|Any CPU
		{725D9920-548A-43A9-9976-5E96F8E2B53E}.Release|Any CPU.ActiveCfg = Release|Any CPU
		{725D9920-548A-43A9-9976-5E96F8E2B53E}.Release|Any CPU.Build.0 = Release|Any CPU
		{B2D98342-A15D-415C-8AEB-277F8D1CE93B}.Debug|Any CPU.ActiveCfg = Debug|Any CPU
		{B2D98342-A15D-415C-8AEB-277F8D1CE93B}.Debug|Any CPU.Build.0 = Debug|Any CPU
		{B2D98342-A15D-415C-8AEB-277F8D1CE93B}.Release|Any CPU.ActiveCfg = Release|Any CPU
		{B2D98342-A15D-415C-8AEB-277F8D1CE93B}.Release|Any CPU.Build.0 = Release|Any CPU
	EndGlobalSection
EndGlobal
