
Microsoft Visual Studio Solution File, Format Version 12.00
Project("{FAE04EC0-301F-11D3-BF4B-00C04F79EFBC}") = "OnlineLeagueBackend", "OnlineLeagueBackend\OnlineLeagueBackend.csproj", "{B01EBD7F-4339-4F67-A892-6E1D8AB9BA17}"
EndProject
Project("{FAE04EC0-301F-11D3-BF4B-00C04F79EFBC}") = "Domain.Seasons", "Domain.Seasons\Domain.Seasons.csproj", "{3BCECD51-2898-479C-B3AA-EAE4C1078DE4}"
EndProject
Project("{FAE04EC0-301F-11D3-BF4B-00C04F79EFBC}") = "Application.Seasons", "Application.Seasons\Application.Seasons.csproj", "{E794DE43-CB0A-41FD-8705-9EFACF36783A}"
EndProject
Project("{FAE04EC0-301F-11D3-BF4B-00C04F79EFBC}") = "Adapters.WebApi.Seasons", "Adapters.WebApi.Seasons\Adapters.WebApi.Seasons.csproj", "{09B00315-8016-43FC-9CC7-302479C297C9}"
EndProject
Project("{FAE04EC0-301F-11D3-BF4B-00C04F79EFBC}") = "Domain.Framework", "Domain.Framework\Domain.Framework.csproj", "{9A1885D9-77BB-45D4-99E5-A9FC15F9B6A5}"
EndProject
Project("{FAE04EC0-301F-11D3-BF4B-00C04F79EFBC}") = "Domain.Framework.Tests", "Domain.Framework.Tests\Domain.Framework.Tests.csproj", "{15F16E65-B0D5-4322-AF6A-5F7B94A20CA8}"
EndProject
Project("{FAE04EC0-301F-11D3-BF4B-00C04F79EFBC}") = "Adapters.Framework.EventStores", "Adapters.Framework.EventStores\Adapters.Framework.EventStores.csproj", "{1441D8A6-105E-4B9B-A388-2C64C633CC5D}"
EndProject
Project("{FAE04EC0-301F-11D3-BF4B-00C04F79EFBC}") = "Application.Framework", "Application.Framework\Application.Framework.csproj", "{C2CABBC2-F393-4502-B3C8-F6E5DFD15D44}"
EndProject
Project("{FAE04EC0-301F-11D3-BF4B-00C04F79EFBC}") = "Adapters.Framework.Eventstores.Tests", "Adapters.Framework.Eventstores.Tests\Adapters.Framework.Eventstores.Tests.csproj", "{B0FB3221-B8BD-42BF-B042-88836F474AF8}"
EndProject
Project("{FAE04EC0-301F-11D3-BF4B-00C04F79EFBC}") = "Adapters.Framework.ObjectPersistence", "Adapters.Framework.ObjectPersistence\Adapters.Framework.ObjectPersistence.csproj", "{1C357931-7724-424B-9A7A-34C5ED771F75}"
EndProject
Project("{FAE04EC0-301F-11D3-BF4B-00C04F79EFBC}") = "Adapters.Framework.ObjectPersistence.Tests", "Adapters.Framework.ObjectPersistence.Tests\Adapters.Framework.ObjectPersistence.Tests.csproj", "{580E3B69-0734-45FC-B806-0EA0D5E87928}"
EndProject
Global
	GlobalSection(SolutionConfigurationPlatforms) = preSolution
		Debug|Any CPU = Debug|Any CPU
		Release|Any CPU = Release|Any CPU
	EndGlobalSection
	GlobalSection(ProjectConfigurationPlatforms) = postSolution
		{B01EBD7F-4339-4F67-A892-6E1D8AB9BA17}.Debug|Any CPU.ActiveCfg = Debug|Any CPU
		{B01EBD7F-4339-4F67-A892-6E1D8AB9BA17}.Debug|Any CPU.Build.0 = Debug|Any CPU
		{B01EBD7F-4339-4F67-A892-6E1D8AB9BA17}.Release|Any CPU.ActiveCfg = Release|Any CPU
		{B01EBD7F-4339-4F67-A892-6E1D8AB9BA17}.Release|Any CPU.Build.0 = Release|Any CPU
		{3BCECD51-2898-479C-B3AA-EAE4C1078DE4}.Debug|Any CPU.ActiveCfg = Debug|Any CPU
		{3BCECD51-2898-479C-B3AA-EAE4C1078DE4}.Debug|Any CPU.Build.0 = Debug|Any CPU
		{3BCECD51-2898-479C-B3AA-EAE4C1078DE4}.Release|Any CPU.ActiveCfg = Release|Any CPU
		{3BCECD51-2898-479C-B3AA-EAE4C1078DE4}.Release|Any CPU.Build.0 = Release|Any CPU
		{E794DE43-CB0A-41FD-8705-9EFACF36783A}.Debug|Any CPU.ActiveCfg = Debug|Any CPU
		{E794DE43-CB0A-41FD-8705-9EFACF36783A}.Debug|Any CPU.Build.0 = Debug|Any CPU
		{E794DE43-CB0A-41FD-8705-9EFACF36783A}.Release|Any CPU.ActiveCfg = Release|Any CPU
		{E794DE43-CB0A-41FD-8705-9EFACF36783A}.Release|Any CPU.Build.0 = Release|Any CPU
		{09B00315-8016-43FC-9CC7-302479C297C9}.Debug|Any CPU.ActiveCfg = Debug|Any CPU
		{09B00315-8016-43FC-9CC7-302479C297C9}.Debug|Any CPU.Build.0 = Debug|Any CPU
		{09B00315-8016-43FC-9CC7-302479C297C9}.Release|Any CPU.ActiveCfg = Release|Any CPU
		{09B00315-8016-43FC-9CC7-302479C297C9}.Release|Any CPU.Build.0 = Release|Any CPU
		{9A1885D9-77BB-45D4-99E5-A9FC15F9B6A5}.Debug|Any CPU.ActiveCfg = Debug|Any CPU
		{9A1885D9-77BB-45D4-99E5-A9FC15F9B6A5}.Debug|Any CPU.Build.0 = Debug|Any CPU
		{9A1885D9-77BB-45D4-99E5-A9FC15F9B6A5}.Release|Any CPU.ActiveCfg = Release|Any CPU
		{9A1885D9-77BB-45D4-99E5-A9FC15F9B6A5}.Release|Any CPU.Build.0 = Release|Any CPU
		{15F16E65-B0D5-4322-AF6A-5F7B94A20CA8}.Debug|Any CPU.ActiveCfg = Debug|Any CPU
		{15F16E65-B0D5-4322-AF6A-5F7B94A20CA8}.Debug|Any CPU.Build.0 = Debug|Any CPU
		{15F16E65-B0D5-4322-AF6A-5F7B94A20CA8}.Release|Any CPU.ActiveCfg = Release|Any CPU
		{15F16E65-B0D5-4322-AF6A-5F7B94A20CA8}.Release|Any CPU.Build.0 = Release|Any CPU
		{1441D8A6-105E-4B9B-A388-2C64C633CC5D}.Debug|Any CPU.ActiveCfg = Debug|Any CPU
		{1441D8A6-105E-4B9B-A388-2C64C633CC5D}.Debug|Any CPU.Build.0 = Debug|Any CPU
		{1441D8A6-105E-4B9B-A388-2C64C633CC5D}.Release|Any CPU.ActiveCfg = Release|Any CPU
		{1441D8A6-105E-4B9B-A388-2C64C633CC5D}.Release|Any CPU.Build.0 = Release|Any CPU
		{C2CABBC2-F393-4502-B3C8-F6E5DFD15D44}.Debug|Any CPU.ActiveCfg = Debug|Any CPU
		{C2CABBC2-F393-4502-B3C8-F6E5DFD15D44}.Debug|Any CPU.Build.0 = Debug|Any CPU
		{C2CABBC2-F393-4502-B3C8-F6E5DFD15D44}.Release|Any CPU.ActiveCfg = Release|Any CPU
		{C2CABBC2-F393-4502-B3C8-F6E5DFD15D44}.Release|Any CPU.Build.0 = Release|Any CPU
		{B0FB3221-B8BD-42BF-B042-88836F474AF8}.Debug|Any CPU.ActiveCfg = Debug|Any CPU
		{B0FB3221-B8BD-42BF-B042-88836F474AF8}.Debug|Any CPU.Build.0 = Debug|Any CPU
		{B0FB3221-B8BD-42BF-B042-88836F474AF8}.Release|Any CPU.ActiveCfg = Release|Any CPU
		{B0FB3221-B8BD-42BF-B042-88836F474AF8}.Release|Any CPU.Build.0 = Release|Any CPU
		{1C357931-7724-424B-9A7A-34C5ED771F75}.Debug|Any CPU.ActiveCfg = Debug|Any CPU
		{1C357931-7724-424B-9A7A-34C5ED771F75}.Debug|Any CPU.Build.0 = Debug|Any CPU
		{1C357931-7724-424B-9A7A-34C5ED771F75}.Release|Any CPU.ActiveCfg = Release|Any CPU
		{1C357931-7724-424B-9A7A-34C5ED771F75}.Release|Any CPU.Build.0 = Release|Any CPU
		{580E3B69-0734-45FC-B806-0EA0D5E87928}.Debug|Any CPU.ActiveCfg = Debug|Any CPU
		{580E3B69-0734-45FC-B806-0EA0D5E87928}.Debug|Any CPU.Build.0 = Debug|Any CPU
		{580E3B69-0734-45FC-B806-0EA0D5E87928}.Release|Any CPU.ActiveCfg = Release|Any CPU
		{580E3B69-0734-45FC-B806-0EA0D5E87928}.Release|Any CPU.Build.0 = Release|Any CPU
	EndGlobalSection
EndGlobal
